github.com/containerd/stargz-snapshotter/estargz v0.15.1 h1:eXJjw9RbkLFgioVaTG+G/ZW/0kEe2oEKCdS/ZxIyoCU=
github.com/containerd/stargz-snapshotter/estargz v0.15.1/go.mod h1:gr2RNwukQ/S9Nv33Lt6UC7xEx58C+LHRdoqbEKjz1Kk=
github.com/davecgh/go-spew v1.1.0/go.mod h1:J7Y8YcW2NihsgmVo/mv3lAwl/skON4iLHjSsI+c5H38=
github.com/davecgh/go-spew v1.1.1 h1:vj9j/u1bqnvCEfJOwUhtlOARqs3+rkHYY13jYWTU97c=
github.com/davecgh/go-spew v1.1.1/go.mod h1:J7Y8YcW2NihsgmVo/mv3lAwl/skON4iLHjSsI+c5H38=
github.com/docker/cli v26.1.4+incompatible h1:I8PHdc0MtxEADqYJZvhBrW9bo8gawKwwenxRM7/rLu8=
github.com/docker/cli v26.1.4+incompatible/go.mod h1:JLrzqnKDaYBop7H2jaqPtU4hHvMKP+vjCwu2uszcLI8=
github.com/docker/distribution v2.8.3+incompatible h1:AtKxIZ36LoNK51+Z6RpzLpddBirtxJnzDrHLEKxTAYk=
github.com/docker/distribution v2.8.3+incompatible/go.mod h1:J2gT2udsDAN96Uj4KfcMRqY0/ypR+oyYUYmja8H+y+w=
github.com/docker/docker v27.0.0+incompatible h1:JRugTYuelmWlW0M3jakcIadDx2HUoUO6+Tf2C5jVfwA=
github.com/docker/docker v27.0.0+incompatible/go.mod h1:eEKB0N0r5NX/I1kEveEz05bcu8tLC/8azJZsviup8Sk=
github.com/docker/docker-credential-helpers v0.8.2 h1:bX3YxiGzFP5sOXWc3bTPEXdEaZSeVMrFgOr3T+zrFAo=
github.com/docker/docker-credential-helpers v0.8.2/go.mod h1:P3ci7E3lwkZg6XiHdRKft1KckHiO9a2rNtyFbZ/ry9M=
github.com/google/go-cmp v0.5.9 h1:O2Tfq5qg4qc4AmwVlvv0oLiVAGB7enBSJ2x2DqQFi38=
github.com/google/go-cmp v0.5.9/go.mod h1:17dUlkBOakJ0+DkrSSNjCkIjxS6bF9zb3elmeNGIjoY=
github.com/google/go-containerregistry v0.19.2 h1:TannFKE1QSajsP6hPWb5oJNgKe1IKjHukIKDUmvsV6w=
github.com/google/go-containerregistry v0.19.2/go.mod h1:YCMFNQeeXeLF+dnhhWkqDItx/JSkH01j1Kis4PsjzFI=
github.com/greatliontech/ocifs v0.0.0-20240613174735-69e5586dd18e h1:uVUa/MERt/gu9GKLlb0BUFNOlQUpb3crZnBsa5F3jms=
github.com/greatliontech/ocifs v0.0.0-20240613174735-69e5586dd18e/go.mod h1:DysMxC621VTrvRmAnVuZTBERLAp6lwA5q8KtmkUtlcw=
github.com/greatliontech/ocifs v0.0.0-20240621142404-1758e7a1bcd5 h1:TB0Utw/k2orxRVFW1OSiyNfaBRtf9XepIcQLaAf7TY8=
github.com/greatliontech/ocifs v0.0.0-20240621142404-1758e7a1bcd5/go.mod h1:DysMxC621VTrvRmAnVuZTBERLAp6lwA5q8KtmkUtlcw=
github.com/hanwen/go-fuse/v2 v2.5.1 h1:OQBE8zVemSocRxA4OaFJbjJ5hlpCmIWbGr7r0M4uoQQ=
github.com/hanwen/go-fuse/v2 v2.5.1/go.mod h1:xKwi1cF7nXAOBCXujD5ie0ZKsxc8GGSA1rlMJc+8IJs=
github.com/klauspost/compress v1.17.9 h1:6KIumPrER1LHsvBVuDa0r5xaG0Es51mhhB9BQB2qeMA=
github.com/klauspost/compress v1.17.9/go.mod h1:Di0epgTjJY877eYKx5yC51cX2A2Vl2ibi7bDH9ttBbw=
github.com/kylelemons/godebug v0.0.0-20170820004349-d65d576e9348 h1:MtvEpTB6LX3vkb4ax0b5D2DHbNAUsen0Gx5wZoq3lV4=
github.com/kylelemons/godebug v0.0.0-20170820004349-d65d576e9348/go.mod h1:B69LEHPfb2qLo0BaaOLcbitczOKLWTsrBG9LczfCD4k=
github.com/mitchellh/go-homedir v1.1.0 h1:lukF9ziXFxDFPkA1vsr5zpc1XuPDn/wFntq5mG+4E0Y=
github.com/mitchellh/go-homedir v1.1.0/go.mod h1:SfyaCUpYCn1Vlf4IUYiD9fPX4A5wJrkLzIz1N1q0pr0=
github.com/moby/sys/mountinfo v0.6.2 h1:BzJjoreD5BMFNmD9Rus6gdd1pLuecOFPt8wC+Vygl78=
github.com/moby/sys/mountinfo v0.6.2/go.mod h1:IJb6JQeOklcdMU9F5xQ8ZALD+CUr5VlGpwtX+VE0rpI=
github.com/opencontainers/go-digest v1.0.0 h1:apOUWs51W5PlhuyGyz9FCeeBIOUDA/6nW8Oi/yOhh5U=
github.com/opencontainers/go-digest v1.0.0/go.mod h1:0JzlMkj0TRzQZfJkVvzbP0HBR3IKzErnv2BNG4W4MAM=
github.com/opencontainers/image-spec v1.1.0 h1:8SG7/vwALn54lVB/0yZ/MMwhFrPYtpEHQb2IpWsCzug=
github.com/opencontainers/image-spec v1.1.0/go.mod h1:W4s4sFTMaBeK1BQLXbG4AdM2szdn85PY75RI83NrTrM=
github.com/pkg/errors v0.9.1 h1:FEBLx1zS214owpjy7qsBeixbURkuhQAwrK5UwLGTwt4=
github.com/pkg/errors v0.9.1/go.mod h1:bwawxfHBFNV+L2hUp1rHADufV3IMtnDRdf1r5NINEl0=
github.com/pmezard/go-difflib v1.0.0 h1:4DBwDE0NGyQoBHbLQYPwSUPoCMWR5BEzIk/f1lZbAQM=
github.com/pmezard/go-difflib v1.0.0/go.mod h1:iKH77koFhYxTK1pcRnkKkqfTogsbg7gZNVY4sRDYZ/4=
github.com/sirupsen/logrus v1.9.3 h1:dueUQJ1C2q9oE3F7wvmSGAaVtTmUizReu6fjN8uqzbQ=
github.com/sirupsen/logrus v1.9.3/go.mod h1:naHLuLoDiP4jHNo9R0sCBMtWGeIprob74mVsIT4qYEQ=
github.com/stretchr/objx v0.1.0/go.mod h1:HFkY916IF+rwdDfMAkV7OtwuqBVzrE8GR6GFx+wExME=
github.com/stretchr/testify v1.7.0 h1:nwc3DEeHmmLAfoZucVR881uASk0Mfjw8xYJ99tb5CcY=
github.com/stretchr/testify v1.7.0/go.mod h1:6Fq8oRcR53rry900zMqJjRRixrwX3KX962/h/Wwjteg=
github.com/vbatts/tar-split v0.11.5 h1:3bHCTIheBm1qFTcgh9oPu+nNBtX+XJIupG/vacinCts=
github.com/vbatts/tar-split v0.11.5/go.mod h1:yZbwRsSeGjusneWgA781EKej9HF8vme8okylkAeNKLk=
golang.org/x/sync v0.0.0-20201207232520-09787c993a3a/go.mod h1:RxMgew5VJxzue5/jJTE5uejpjVlOe/izrB70Jof72aM=
golang.org/x/sync v0.7.0 h1:YsImfSBoP9QPYL0xyKJPq0gcaJdG3rInoqxTWbfQu9M=
golang.org/x/sync v0.7.0/go.mod h1:Czt+wKu1gCyEFDUtn0jG5QVvpJ6rzVqr5aXyt9drQfk=
golang.org/x/sys v0.0.0-20220520151302-bc2c85ada10a/go.mod h1:oPkhp1MJrh7nUepCBck5+mAzfO9JrbApNNgaTdGDITg=
golang.org/x/sys v0.0.0-20220715151400-c0bba94af5f8/go.mod h1:oPkhp1MJrh7nUepCBck5+mAzfO9JrbApNNgaTdGDITg=
golang.org/x/sys v0.21.0 h1:rF+pYz3DAGSQAxAu1CbC7catZg4ebC4UIeIhKxBZvws=
golang.org/x/sys v0.21.0/go.mod h1:/VUhepiaJMQUp4+oa/7Zr1D23ma6VTLIYjOOTFZPUcA=
gopkg.in/check.v1 v0.0.0-20161208181325-20d25e280405/go.mod h1:Co6ibVJAznAaIkqp8huTwlJQCZ016jof/cbN4VW5Yz0=
gopkg.in/yaml.v3 v3.0.0-20200313102051-9f266ea9e77c/go.mod h1:K4uyk7z7BCEPqu6E+C64Yfv1cQ7kz7rIZviUmN+EgEM=
gopkg.in/yaml.v3 v3.0.1 h1:fxVm/GzAzEWqLHuvctI91KS9hhNmmWOoWu0XTYJS7CA=
gopkg.in/yaml.v3 v3.0.1/go.mod h1:K4uyk7z7BCEPqu6E+C64Yfv1cQ7kz7rIZviUmN+EgEM=
gotest.tools/v3 v3.0.3 h1:4AuOwCGf4lLR9u3YOe2awrHygurzhO/HeQ6laiA6Sx0=
gotest.tools/v3 v3.0.3/go.mod h1:Z7Lb0S5l+klDB31fvDQX8ss/FlKDxtlFlw3Oa8Ymbl8=
